// !$*UTF8*$!
{
	archiveVersion = 1;
	classes = {
	};
	objectVersion = 46;
	objects = {

/* Begin PBXFileReference section */
		70F14E6114F5944B00F278CA /* libLoungeAct.dylib */ = {isa = PBXFileReference; explicitFileType = "compiled.mach-o.dylib"; includeInIndex = 0; path = libLoungeAct.dylib; sourceTree = BUILT_PRODUCTS_DIR; };
/* End PBXFileReference section */

/* Begin PBXFrameworksBuildPhase section */
		70F14E5E14F5944B00F278CA /* Frameworks */ = {
			isa = PBXFrameworksBuildPhase;
			buildActionMask = 2147483647;
			files = (
			);
			runOnlyForDeploymentPostprocessing = 0;
		};
/* End PBXFrameworksBuildPhase section */

/* Begin PBXGroup section */
		70F14E5614F5944900F278CA = {
			isa = PBXGroup;
			children = (
				70F14E6214F5944B00F278CA /* Products */,
			);
			sourceTree = "<group>";
		};
		70F14E6214F5944B00F278CA /* Products */ = {
			isa = PBXGroup;
			children = (
				70F14E6114F5944B00F278CA /* libLoungeAct.dylib */,
			);
			name = Products;
			sourceTree = "<group>";
		};
/* End PBXGroup section */

/* Begin PBXHeadersBuildPhase section */
		70F14E5F14F5944B00F278CA /* Headers */ = {
			isa = PBXHeadersBuildPhase;
			buildActionMask = 2147483647;
			files = (
			);
			runOnlyForDeploymentPostprocessing = 0;
		};
/* End PBXHeadersBuildPhase section */

/* Begin PBXNativeTarget section */
		70F14E6014F5944B00F278CA /* LoungeAct */ = {
			isa = PBXNativeTarget;
			buildConfigurationList = 70F14E6514F5944B00F278CA /* Build configuration list for PBXNativeTarget "LoungeAct" */;
			buildPhases = (
				70F14E5D14F5944B00F278CA /* Sources */,
				70F14E5E14F5944B00F278CA /* Frameworks */,
				70F14E5F14F5944B00F278CA /* Headers */,
			);
			buildRules = (
			);
			dependencies = (
			);
			name = LoungeAct;
			productName = LoungeAct;
			productReference = 70F14E6114F5944B00F278CA /* libLoungeAct.dylib */;
			productType = "com.apple.product-type.library.dynamic";
		};
/* End PBXNativeTarget section */

/* Begin PBXProject section */
		70F14E5814F5944A00F278CA /* Project object */ = {
			isa = PBXProject;
			attributes = {
				LastUpgradeCheck = 0420;
				ORGANIZATIONNAME = "Memeo, Inc.";
			};
			buildConfigurationList = 70F14E5B14F5944A00F278CA /* Build configuration list for PBXProject "LoungeAct" */;
			compatibilityVersion = "Xcode 3.2";
			developmentRegion = English;
			hasScannedForEncodings = 0;
			knownRegions = (
				en,
			);
			mainGroup = 70F14E5614F5944900F278CA;
			productRefGroup = 70F14E6214F5944B00F278CA /* Products */;
			projectDirPath = "";
			projectRoot = "";
			targets = (
				70F14E6014F5944B00F278CA /* LoungeAct */,
			);
		};
/* End PBXProject section */

/* Begin PBXSourcesBuildPhase section */
		70F14E5D14F5944B00F278CA /* Sources */ = {
			isa = PBXSourcesBuildPhase;
			buildActionMask = 2147483647;
			files = (
			);
			runOnlyForDeploymentPostprocessing = 0;
		};
/* End PBXSourcesBuildPhase section */

/* Begin XCBuildConfiguration section */
		70F14E6314F5944B00F278CA /* Debug */ = {
			isa = XCBuildConfiguration;
			buildSettings = {
				ALWAYS_SEARCH_USER_PATHS = NO;
				ARCHS = "$(ARCHS_STANDARD_64_BIT)";
				COPY_PHASE_STRIP = NO;
				GCC_C_LANGUAGE_STANDARD = gnu99;
				GCC_DYNAMIC_NO_PIC = NO;
				GCC_ENABLE_OBJC_EXCEPTIONS = YES;
				GCC_OPTIMIZATION_LEVEL = 0;
				GCC_PREPROCESSOR_DEFINITIONS = (
					"DEBUG=1",
					"$(inherited)",
				);
				GCC_SYMBOLS_PRIVATE_EXTERN = NO;
				GCC_VERSION = com.apple.compilers.llvm.clang.1_0;
				GCC_WARN_64_TO_32_BIT_CONVERSION = YES;
				GCC_WARN_ABOUT_MISSING_PROTOTYPES = YES;
				GCC_WARN_ABOUT_RETURN_TYPE = YES;
				GCC_WARN_UNUSED_VARIABLE = YES;
				MACOSX_DEPLOYMENT_TARGET = 10.7;
				ONLY_ACTIVE_ARCH = YES;
				SDKROOT = macosx;
			};
			name = Debug;
		};
		70F14E6414F5944B00F278CA /* Release */ = {
			isa = XCBuildConfiguration;
			buildSettings = {
				ALWAYS_SEARCH_USER_PATHS = NO;
				ARCHS = "$(ARCHS_STANDARD_64_BIT)";
				COPY_PHASE_STRIP = YES;
				DEBUG_INFORMATION_FORMAT = "dwarf-with-dsym";
				GCC_C_LANGUAGE_STANDARD = gnu99;
				GCC_ENABLE_OBJC_EXCEPTIONS = YES;
				GCC_VERSION = com.apple.compilers.llvm.clang.1_0;
				GCC_WARN_64_TO_32_BIT_CONVERSION = YES;
				GCC_WARN_ABOUT_MISSING_PROTOTYPES = YES;
				GCC_WARN_ABOUT_RETURN_TYPE = YES;
				GCC_WARN_UNUSED_VARIABLE = YES;
				MACOSX_DEPLOYMENT_TARGET = 10.7;
				SDKROOT = macosx;
			};
			name = Release;
		};
		70F14E6614F5944B00F278CA /* Debug */ = {
			isa = XCBuildConfiguration;
			buildSettings = {
				EXECUTABLE_PREFIX = lib;
				PRODUCT_NAME = "$(TARGET_NAME)";
			};
			name = Debug;
		};
		70F14E6714F5944B00F278CA /* Release */ = {
			isa = XCBuildConfiguration;
			buildSettings = {
				EXECUTABLE_PREFIX = lib;
				PRODUCT_NAME = "$(TARGET_NAME)";
			};
			name = Release;
		};
/* End XCBuildConfiguration section */

/* Begin XCConfigurationList section */
		70F14E5B14F5944A00F278CA /* Build configuration list for PBXProject "LoungeAct" */ = {
			isa = XCConfigurationList;
			buildConfigurations = (
				70F14E6314F5944B00F278CA /* Debug */,
				70F14E6414F5944B00F278CA /* Release */,
			);
			defaultConfigurationIsVisible = 0;
			defaultConfigurationName = Release;
		};
		70F14E6514F5944B00F278CA /* Build configuration list for PBXNativeTarget "LoungeAct" */ = {
			isa = XCConfigurationList;
			buildConfigurations = (
				70F14E6614F5944B00F278CA /* Debug */,
				70F14E6714F5944B00F278CA /* Release */,
			);
			defaultConfigurationIsVisible = 0;
		};
/* End XCConfigurationList section */
	};
	rootObject = 70F14E5814F5944A00F278CA /* Project object */;
}
